github.com/thinkgos/gpool v0.4.0 h1:vg5/ROMIt9R4ZZPOfAOQC4WA50dvxN5Y+iEaAVWMYhQ=
github.com/thinkgos/gpool v0.4.0/go.mod h1:utzXZhhzbIY++IJfE56ae3TfCwA/S4aqzal5RPul2qA=
github.com/thinkgos/gpool v0.4.1 h1:FYU1hJ0iy6oXMu/ao5f4LT2ae06bUZ2y4VQXzClG0I8=
github.com/thinkgos/gpool v0.4.1/go.mod h1:utzXZhhzbIY++IJfE56ae3TfCwA/S4aqzal5RPul2qA=
